
Microsoft Visual Studio Solution File, Format Version 12.00
# Visual Studio Version 17
VisualStudioVersion = 17.0.31903.59
MinimumVisualStudioVersion = 10.0.40219.1
Project("{2150E333-8FDC-42A3-9474-1A3956D46DE8}") = "src", "src", "{827E0CD3-B72D-47B6-A68D-7590B98EB39B}"
EndProject
Project("{FAE04EC0-301F-11D3-BF4B-00C04F79EFBC}") = "YksTakipApp.Api", "src\YksTakipApp.Api\YksTakipApp.Api.csproj", "{CC03B8F5-6BB4-4AEB-A5F4-85297A032B57}"
EndProject
Project("{FAE04EC0-301F-11D3-BF4B-00C04F79EFBC}") = "YksTakipApp.Core", "src\YksTakipApp.Core\YksTakipApp.Core.csproj", "{297CA205-F4C3-4138-9721-8AED04466C0A}"
EndProject
Project("{FAE04EC0-301F-11D3-BF4B-00C04F79EFBC}") = "YksTakipApp.Infra", "src\YksTakipApp.Infra\YksTakipApp.Infra.csproj", "{DC6D51B3-504D-4B2E-AA65-B2833D771D33}"
EndProject
Project("{FAE04EC0-301F-11D3-BF4B-00C04F79EFBC}") = "YksTakipApp.Application", "src\YksTakipApp.Application\YksTakipApp.Application.csproj", "{02C0BF04-BDD1-4691-86BB-1A140443BD0C}"
EndProject
Project("{2150E333-8FDC-42A3-9474-1A3956D46DE8}") = "tests", "tests", "{0AB3BF05-4346-4AA6-1389-037BE0695223}"
EndProject
Project("{FAE04EC0-301F-11D3-BF4B-00C04F79EFBC}") = "YksTakipApp.Tests", "tests\YksTakipApp.Tests\YksTakipApp.Tests.csproj", "{8469F0CE-48F8-4852-A5D6-650406057623}"
EndProject
Global
	GlobalSection(SolutionConfigurationPlatforms) = preSolution
		Debug|Any CPU = Debug|Any CPU
		Debug|x64 = Debug|x64
		Debug|x86 = Debug|x86
		Release|Any CPU = Release|Any CPU
		Release|x64 = Release|x64
		Release|x86 = Release|x86
	EndGlobalSection
	GlobalSection(ProjectConfigurationPlatforms) = postSolution
		{CC03B8F5-6BB4-4AEB-A5F4-85297A032B57}.Debug|Any CPU.ActiveCfg = Debug|Any CPU
		{CC03B8F5-6BB4-4AEB-A5F4-85297A032B57}.Debug|Any CPU.Build.0 = Debug|Any CPU
		{CC03B8F5-6BB4-4AEB-A5F4-85297A032B57}.Debug|x64.ActiveCfg = Debug|Any CPU
		{CC03B8F5-6BB4-4AEB-A5F4-85297A032B57}.Debug|x64.Build.0 = Debug|Any CPU
		{CC03B8F5-6BB4-4AEB-A5F4-85297A032B57}.Debug|x86.ActiveCfg = Debug|Any CPU
		{CC03B8F5-6BB4-4AEB-A5F4-85297A032B57}.Debug|x86.Build.0 = Debug|Any CPU
		{CC03B8F5-6BB4-4AEB-A5F4-85297A032B57}.Release|Any CPU.ActiveCfg = Release|Any CPU
		{CC03B8F5-6BB4-4AEB-A5F4-85297A032B57}.Release|Any CPU.Build.0 = Release|Any CPU
		{CC03B8F5-6BB4-4AEB-A5F4-85297A032B57}.Release|x64.ActiveCfg = Release|Any CPU
		{CC03B8F5-6BB4-4AEB-A5F4-85297A032B57}.Release|x64.Build.0 = Release|Any CPU
		{CC03B8F5-6BB4-4AEB-A5F4-85297A032B57}.Release|x86.ActiveCfg = Release|Any CPU
		{CC03B8F5-6BB4-4AEB-A5F4-85297A032B57}.Release|x86.Build.0 = Release|Any CPU
		{297CA205-F4C3-4138-9721-8AED04466C0A}.Debug|Any CPU.ActiveCfg = Debug|Any CPU
		{297CA205-F4C3-4138-9721-8AED04466C0A}.Debug|Any CPU.Build.0 = Debug|Any CPU
		{297CA205-F4C3-4138-9721-8AED04466C0A}.Debug|x64.ActiveCfg = Debug|Any CPU
		{297CA205-F4C3-4138-9721-8AED04466C0A}.Debug|x64.Build.0 = Debug|Any CPU
		{297CA205-F4C3-4138-9721-8AED04466C0A}.Debug|x86.ActiveCfg = Debug|Any CPU
		{297CA205-F4C3-4138-9721-8AED04466C0A}.Debug|x86.Build.0 = Debug|Any CPU
		{297CA205-F4C3-4138-9721-8AED04466C0A}.Release|Any CPU.ActiveCfg = Release|Any CPU
		{297CA205-F4C3-4138-9721-8AED04466C0A}.Release|Any CPU.Build.0 = Release|Any CPU
		{297CA205-F4C3-4138-9721-8AED04466C0A}.Release|x64.ActiveCfg = Release|Any CPU
		{297CA205-F4C3-4138-9721-8AED04466C0A}.Release|x64.Build.0 = Release|Any CPU
		{297CA205-F4C3-4138-9721-8AED04466C0A}.Release|x86.ActiveCfg = Release|Any CPU
		{297CA205-F4C3-4138-9721-8AED04466C0A}.Release|x86.Build.0 = Release|Any CPU
		{DC6D51B3-504D-4B2E-AA65-B2833D771D33}.Debug|Any CPU.ActiveCfg = Debug|Any CPU
		{DC6D51B3-504D-4B2E-AA65-B2833D771D33}.Debug|Any CPU.Build.0 = Debug|Any CPU
		{DC6D51B3-504D-4B2E-AA65-B2833D771D33}.Debug|x64.ActiveCfg = Debug|Any CPU
		{DC6D51B3-504D-4B2E-AA65-B2833D771D33}.Debug|x64.Build.0 = Debug|Any CPU
		{DC6D51B3-504D-4B2E-AA65-B2833D771D33}.Debug|x86.ActiveCfg = Debug|Any CPU
		{DC6D51B3-504D-4B2E-AA65-B2833D771D33}.Debug|x86.Build.0 = Debug|Any CPU
		{DC6D51B3-504D-4B2E-AA65-B2833D771D33}.Release|Any CPU.ActiveCfg = Release|Any CPU
		{DC6D51B3-504D-4B2E-AA65-B2833D771D33}.Release|Any CPU.Build.0 = Release|Any CPU
		{DC6D51B3-504D-4B2E-AA65-B2833D771D33}.Release|x64.ActiveCfg = Release|Any CPU
		{DC6D51B3-504D-4B2E-AA65-B2833D771D33}.Release|x64.Build.0 = Release|Any CPU
		{DC6D51B3-504D-4B2E-AA65-B2833D771D33}.Release|x86.ActiveCfg = Release|Any CPU
		{DC6D51B3-504D-4B2E-AA65-B2833D771D33}.Release|x86.Build.0 = Release|Any CPU
		{02C0BF04-BDD1-4691-86BB-1A140443BD0C}.Debug|Any CPU.ActiveCfg = Debug|Any CPU
		{02C0BF04-BDD1-4691-86BB-1A140443BD0C}.Debug|Any CPU.Build.0 = Debug|Any CPU
		{02C0BF04-BDD1-4691-86BB-1A140443BD0C}.Debug|x64.ActiveCfg = Debug|Any CPU
		{02C0BF04-BDD1-4691-86BB-1A140443BD0C}.Debug|x64.Build.0 = Debug|Any CPU
		{02C0BF04-BDD1-4691-86BB-1A140443BD0C}.Debug|x86.ActiveCfg = Debug|Any CPU
		{02C0BF04-BDD1-4691-86BB-1A140443BD0C}.Debug|x86.Build.0 = Debug|Any CPU
		{02C0BF04-BDD1-4691-86BB-1A140443BD0C}.Release|Any CPU.ActiveCfg = Release|Any CPU
		{02C0BF04-BDD1-4691-86BB-1A140443BD0C}.Release|Any CPU.Build.0 = Release|Any CPU
		{02C0BF04-BDD1-4691-86BB-1A140443BD0C}.Release|x64.ActiveCfg = Release|Any CPU
		{02C0BF04-BDD1-4691-86BB-1A140443BD0C}.Release|x64.Build.0 = Release|Any CPU
		{02C0BF04-BDD1-4691-86BB-1A140443BD0C}.Release|x86.ActiveCfg = Release|Any CPU
		{02C0BF04-BDD1-4691-86BB-1A140443BD0C}.Release|x86.Build.0 = Release|Any CPU
		{8469F0CE-48F8-4852-A5D6-650406057623}.Debug|Any CPU.ActiveCfg = Debug|Any CPU
		{8469F0CE-48F8-4852-A5D6-650406057623}.Debug|Any CPU.Build.0 = Debug|Any CPU
		{8469F0CE-48F8-4852-A5D6-650406057623}.Debug|x64.ActiveCfg = Debug|Any CPU
		{8469F0CE-48F8-4852-A5D6-650406057623}.Debug|x64.Build.0 = Debug|Any CPU
		{8469F0CE-48F8-4852-A5D6-650406057623}.Debug|x86.ActiveCfg = Debug|Any CPU
		{8469F0CE-48F8-4852-A5D6-650406057623}.Debug|x86.Build.0 = Debug|Any CPU
		{8469F0CE-48F8-4852-A5D6-650406057623}.Release|Any CPU.ActiveCfg = Release|Any CPU
		{8469F0CE-48F8-4852-A5D6-650406057623}.Release|Any CPU.Build.0 = Release|Any CPU
		{8469F0CE-48F8-4852-A5D6-650406057623}.Release|x64.ActiveCfg = Release|Any CPU
		{8469F0CE-48F8-4852-A5D6-650406057623}.Release|x64.Build.0 = Release|Any CPU
		{8469F0CE-48F8-4852-A5D6-650406057623}.Release|x86.ActiveCfg = Release|Any CPU
		{8469F0CE-48F8-4852-A5D6-650406057623}.Release|x86.Build.0 = Release|Any CPU
	EndGlobalSection
	GlobalSection(SolutionProperties) = preSolution
		HideSolutionNode = FALSE
	EndGlobalSection
	GlobalSection(NestedProjects) = preSolution
		{CC03B8F5-6BB4-4AEB-A5F4-85297A032B57} = {827E0CD3-B72D-47B6-A68D-7590B98EB39B}
		{297CA205-F4C3-4138-9721-8AED04466C0A} = {827E0CD3-B72D-47B6-A68D-7590B98EB39B}
		{DC6D51B3-504D-4B2E-AA65-B2833D771D33} = {827E0CD3-B72D-47B6-A68D-7590B98EB39B}
		{02C0BF04-BDD1-4691-86BB-1A140443BD0C} = {827E0CD3-B72D-47B6-A68D-7590B98EB39B}
		{8469F0CE-48F8-4852-A5D6-650406057623} = {0AB3BF05-4346-4AA6-1389-037BE0695223}
	EndGlobalSection
EndGlobal
